
Microsoft Visual Studio Solution File, Format Version 12.00
# Visual Studio Version 16
VisualStudioVersion = 16.0.32126.315
MinimumVisualStudioVersion = 10.0.40219.1
Project("{FAE04EC0-301F-11D3-BF4B-00C04F79EFBC}") = "TopicosAvanzados", "TopicosAvanzados\TopicosAvanzados.csproj", "{53172ED0-224D-4E59-A907-9F60FF29AA0E}"
EndProject
Global
	GlobalSection(SolutionConfigurationPlatforms) = preSolution
		Debug|Any CPU = Debug|Any CPU
		Release|Any CPU = Release|Any CPU
	EndGlobalSection
	GlobalSection(ProjectConfigurationPlatforms) = postSolution
		{53172ED0-224D-4E59-A907-9F60FF29AA0E}.Debug|Any CPU.ActiveCfg = Debug|Any CPU
		{53172ED0-224D-4E59-A907-9F60FF29AA0E}.Debug|Any CPU.Build.0 = Debug|Any CPU
		{53172ED0-224D-4E59-A907-9F60FF29AA0E}.Release|Any CPU.ActiveCfg = Release|Any CPU
		{53172ED0-224D-4E59-A907-9F60FF29AA0E}.Release|Any CPU.Build.0 = Release|Any CPU
	EndGlobalSection
	GlobalSection(SolutionProperties) = preSolution
		HideSolutionNode = FALSE
	EndGlobalSection
	GlobalSection(ExtensibilityGlobals) = postSolution
		SolutionGuid = {14650565-3FEA-481A-8649-9B271472ADF0}
	EndGlobalSection
EndGlobal
